
Microsoft Visual Studio Solution File, Format Version 12.00
# Visual Studio Version 17
VisualStudioVersion = 17.2.32616.157
MinimumVisualStudioVersion = 10.0.40219.1
Project("{FAE04EC0-301F-11D3-BF4B-00C04F79EFBC}") = "Final Project", "Final Project\Final Project.csproj", "{0AC458E0-6469-4772-916B-FBCD1F5BE5FD}"
EndProject
Global
	GlobalSection(SolutionConfigurationPlatforms) = preSolution
		Debug|Any CPU = Debug|Any CPU
		Release|Any CPU = Release|Any CPU
	EndGlobalSection
	GlobalSection(ProjectConfigurationPlatforms) = postSolution
		{0AC458E0-6469-4772-916B-FBCD1F5BE5FD}.Debug|Any CPU.ActiveCfg = Debug|Any CPU
		{0AC458E0-6469-4772-916B-FBCD1F5BE5FD}.Debug|Any CPU.Build.0 = Debug|Any CPU
		{0AC458E0-6469-4772-916B-FBCD1F5BE5FD}.Release|Any CPU.ActiveCfg = Release|Any CPU
		{0AC458E0-6469-4772-916B-FBCD1F5BE5FD}.Release|Any CPU.Build.0 = Release|Any CPU
	EndGlobalSection
	GlobalSection(SolutionProperties) = preSolution
		HideSolutionNode = FALSE
	EndGlobalSection
	GlobalSection(ExtensibilityGlobals) = postSolution
		SolutionGuid = {2EA7CEC6-5608-467A-AE39-E9FCF79DD7CE}
	EndGlobalSection
EndGlobal
